# THIS IS AN AUTOGENERATED FILE. DO NOT EDIT THIS FILE DIRECTLY.
# yarn lockfile v1


"@angular/cdk@^7.2.1":
  version "7.3.2"
  resolved "https://registry.npmjs.org/@angular/cdk/-/cdk-7.3.2.tgz#33f525051d71e2525d29b2aa798c817334973a7b"
  integrity sha512-jnthvY1Kt+DpJTrkgyKTiVuYgBdp4iG7QDeZJPBQm0e8mL2K0Pi9AqFbo01E4CGPqZpvtEggvqM0OJpR8J+amw==
  dependencies:
    tslib "^1.7.1"
  optionalDependencies:
    parse5 "^5.0.0"

"@collab-ui/core@^10.33.0":
  version "10.43.3"
  resolved "https://registry.npmjs.org/@collab-ui/core/-/core-10.43.3.tgz#0dad95ebccc0aaf59cc907172dddbeea0ae1c197"
  integrity sha512-jqr8MMXH0OlikpMESTexu5WFf7TSZpc+VY/Nk46uokcU9Z/87XqPykPQIfKellETOzQnhwURLIuF8lSOG8K80A==
  dependencies:
    "@collab-ui/icons" "^3.45.1"

"@collab-ui/icons@^3.45.1":
  version "3.45.1"
  resolved "https://registry.npmjs.org/@collab-ui/icons/-/icons-3.45.1.tgz#42b6e23a83201109f104ac7ee06ce409958026f9"
  integrity sha512-6oglMNB8QdA+YZ0Fgkt0MH9C9UdFmeeWqtqsapREED62FKljN/BgMb6FiIpNIKXP4H75i1THY4nOsGNjrY0MpQ==

parse5@^5.0.0:
  version "5.1.0"
  resolved "https://registry.npmjs.org/parse5/-/parse5-5.1.0.tgz#c59341c9723f414c452975564c7c00a68d58acd2"
  integrity sha512-fxNG2sQjHvlVAYmzBZS9YlDp6PTSSDwa98vkD4QgVDDCAo84z5X1t5XyJQ62ImdLXx5NdIIfihey6xpum9/gRQ==

tslib@^1.7.1:
  version "1.9.3"
  resolved "https://registry.npmjs.org/tslib/-/tslib-1.9.3.tgz#d7e4dd79245d85428c4d7e4822a79917954ca286"
  integrity sha512-4krF8scpejhaOgqzBEcGM7yDIEfi0/8+8zDRZhNZZ2kjmHJ4hv3zCbQWxoJGz1iw5U0Jl0nma13xzHXcncMavQ==
